
Microsoft Visual Studio Solution File, Format Version 12.00
# Visual Studio Version 17
VisualStudioVersion = 17.2.32616.157
MinimumVisualStudioVersion = 10.0.40219.1
Project("{FAE04EC0-301F-11D3-BF4B-00C04F79EFBC}") = "primeraApp", "primeraApp.csproj", "{6C745013-B2FD-45D3-82C7-94AC9BC3FB57}"
EndProject
Global
	GlobalSection(SolutionConfigurationPlatforms) = preSolution
		Debug|Any CPU = Debug|Any CPU
		Release|Any CPU = Release|Any CPU
	EndGlobalSection
	GlobalSection(ProjectConfigurationPlatforms) = postSolution
		{6C745013-B2FD-45D3-82C7-94AC9BC3FB57}.Debug|Any CPU.ActiveCfg = Debug|Any CPU
		{6C745013-B2FD-45D3-82C7-94AC9BC3FB57}.Debug|Any CPU.Build.0 = Debug|Any CPU
		{6C745013-B2FD-45D3-82C7-94AC9BC3FB57}.Release|Any CPU.ActiveCfg = Release|Any CPU
		{6C745013-B2FD-45D3-82C7-94AC9BC3FB57}.Release|Any CPU.Build.0 = Release|Any CPU
	EndGlobalSection
	GlobalSection(SolutionProperties) = preSolution
		HideSolutionNode = FALSE
	EndGlobalSection
	GlobalSection(ExtensibilityGlobals) = postSolution
		SolutionGuid = {86CE8042-CE1F-4996-BA7C-4D6ED156FFFF}
	EndGlobalSection
EndGlobal
