
Microsoft Visual Studio Solution File, Format Version 12.00
# Visual Studio Version 17
VisualStudioVersion = 17.2.32616.157
MinimumVisualStudioVersion = 10.0.40219.1
Project("{FAE04EC0-301F-11D3-BF4B-00C04F79EFBC}") = "interfacesGraficas1", "interfacesGraficas1.csproj", "{0A1F442D-1D1E-476D-BB6B-5A606D4EECFC}"
EndProject
Global
	GlobalSection(SolutionConfigurationPlatforms) = preSolution
		Debug|Any CPU = Debug|Any CPU
		Release|Any CPU = Release|Any CPU
	EndGlobalSection
	GlobalSection(ProjectConfigurationPlatforms) = postSolution
		{0A1F442D-1D1E-476D-BB6B-5A606D4EECFC}.Debug|Any CPU.ActiveCfg = Debug|Any CPU
		{0A1F442D-1D1E-476D-BB6B-5A606D4EECFC}.Debug|Any CPU.Build.0 = Debug|Any CPU
		{0A1F442D-1D1E-476D-BB6B-5A606D4EECFC}.Release|Any CPU.ActiveCfg = Release|Any CPU
		{0A1F442D-1D1E-476D-BB6B-5A606D4EECFC}.Release|Any CPU.Build.0 = Release|Any CPU
	EndGlobalSection
	GlobalSection(SolutionProperties) = preSolution
		HideSolutionNode = FALSE
	EndGlobalSection
	GlobalSection(ExtensibilityGlobals) = postSolution
		SolutionGuid = {7F793218-3B73-4163-8BB8-275EF499698B}
	EndGlobalSection
EndGlobal
