
Microsoft Visual Studio Solution File, Format Version 12.00
# Visual Studio Version 17
VisualStudioVersion = 17.2.32616.157
MinimumVisualStudioVersion = 10.0.40219.1
Project("{FAE04EC0-301F-11D3-BF4B-00C04F79EFBC}") = "RadioBotton1", "RadioBotton1.csproj", "{864D9F5E-018F-4EFC-97D9-169D04B6E31C}"
EndProject
Global
	GlobalSection(SolutionConfigurationPlatforms) = preSolution
		Debug|Any CPU = Debug|Any CPU
		Release|Any CPU = Release|Any CPU
	EndGlobalSection
	GlobalSection(ProjectConfigurationPlatforms) = postSolution
		{864D9F5E-018F-4EFC-97D9-169D04B6E31C}.Debug|Any CPU.ActiveCfg = Debug|Any CPU
		{864D9F5E-018F-4EFC-97D9-169D04B6E31C}.Debug|Any CPU.Build.0 = Debug|Any CPU
		{864D9F5E-018F-4EFC-97D9-169D04B6E31C}.Release|Any CPU.ActiveCfg = Release|Any CPU
		{864D9F5E-018F-4EFC-97D9-169D04B6E31C}.Release|Any CPU.Build.0 = Release|Any CPU
	EndGlobalSection
	GlobalSection(SolutionProperties) = preSolution
		HideSolutionNode = FALSE
	EndGlobalSection
	GlobalSection(ExtensibilityGlobals) = postSolution
		SolutionGuid = {3A9849B5-EED2-4995-8DF7-84E352476311}
	EndGlobalSection
EndGlobal
