
Microsoft Visual Studio Solution File, Format Version 12.00
# Visual Studio Version 17
VisualStudioVersion = 17.2.32616.157
MinimumVisualStudioVersion = 10.0.40219.1
Project("{FAE04EC0-301F-11D3-BF4B-00C04F79EFBC}") = "DelegadosPredicados", "DelegadosPredicados.csproj", "{6B5566A9-E69C-442C-A179-E2DD0BFE83DB}"
EndProject
Global
	GlobalSection(SolutionConfigurationPlatforms) = preSolution
		Debug|Any CPU = Debug|Any CPU
		Release|Any CPU = Release|Any CPU
	EndGlobalSection
	GlobalSection(ProjectConfigurationPlatforms) = postSolution
		{6B5566A9-E69C-442C-A179-E2DD0BFE83DB}.Debug|Any CPU.ActiveCfg = Debug|Any CPU
		{6B5566A9-E69C-442C-A179-E2DD0BFE83DB}.Debug|Any CPU.Build.0 = Debug|Any CPU
		{6B5566A9-E69C-442C-A179-E2DD0BFE83DB}.Release|Any CPU.ActiveCfg = Release|Any CPU
		{6B5566A9-E69C-442C-A179-E2DD0BFE83DB}.Release|Any CPU.Build.0 = Release|Any CPU
	EndGlobalSection
	GlobalSection(SolutionProperties) = preSolution
		HideSolutionNode = FALSE
	EndGlobalSection
	GlobalSection(ExtensibilityGlobals) = postSolution
		SolutionGuid = {6A19BF64-6A0E-480E-A627-FE24B18F40FC}
	EndGlobalSection
EndGlobal
