
Microsoft Visual Studio Solution File, Format Version 12.00
# Visual Studio Version 17
VisualStudioVersion = 17.2.32616.157
MinimumVisualStudioVersion = 10.0.40219.1
Project("{FAE04EC0-301F-11D3-BF4B-00C04F79EFBC}") = "coleccionQueue", "coleccionQueue.csproj", "{147ED623-CB5E-4D99-82C3-1F2332ECC3AD}"
EndProject
Global
	GlobalSection(SolutionConfigurationPlatforms) = preSolution
		Debug|Any CPU = Debug|Any CPU
		Release|Any CPU = Release|Any CPU
	EndGlobalSection
	GlobalSection(ProjectConfigurationPlatforms) = postSolution
		{147ED623-CB5E-4D99-82C3-1F2332ECC3AD}.Debug|Any CPU.ActiveCfg = Debug|Any CPU
		{147ED623-CB5E-4D99-82C3-1F2332ECC3AD}.Debug|Any CPU.Build.0 = Debug|Any CPU
		{147ED623-CB5E-4D99-82C3-1F2332ECC3AD}.Release|Any CPU.ActiveCfg = Release|Any CPU
		{147ED623-CB5E-4D99-82C3-1F2332ECC3AD}.Release|Any CPU.Build.0 = Release|Any CPU
	EndGlobalSection
	GlobalSection(SolutionProperties) = preSolution
		HideSolutionNode = FALSE
	EndGlobalSection
	GlobalSection(ExtensibilityGlobals) = postSolution
		SolutionGuid = {4FB9E6C3-DD9A-4431-8C84-987C4883F1FE}
	EndGlobalSection
EndGlobal
