
Microsoft Visual Studio Solution File, Format Version 12.00
# Visual Studio Version 17
VisualStudioVersion = 17.2.32616.157
MinimumVisualStudioVersion = 10.0.40219.1
Project("{FAE04EC0-301F-11D3-BF4B-00C04F79EFBC}") = "checkBox_comboBox", "checkBox_comboBox.csproj", "{0CD8A4CF-E88D-41A8-A085-6075B6471B7A}"
EndProject
Global
	GlobalSection(SolutionConfigurationPlatforms) = preSolution
		Debug|Any CPU = Debug|Any CPU
		Release|Any CPU = Release|Any CPU
	EndGlobalSection
	GlobalSection(ProjectConfigurationPlatforms) = postSolution
		{0CD8A4CF-E88D-41A8-A085-6075B6471B7A}.Debug|Any CPU.ActiveCfg = Debug|Any CPU
		{0CD8A4CF-E88D-41A8-A085-6075B6471B7A}.Debug|Any CPU.Build.0 = Debug|Any CPU
		{0CD8A4CF-E88D-41A8-A085-6075B6471B7A}.Release|Any CPU.ActiveCfg = Release|Any CPU
		{0CD8A4CF-E88D-41A8-A085-6075B6471B7A}.Release|Any CPU.Build.0 = Release|Any CPU
	EndGlobalSection
	GlobalSection(SolutionProperties) = preSolution
		HideSolutionNode = FALSE
	EndGlobalSection
	GlobalSection(ExtensibilityGlobals) = postSolution
		SolutionGuid = {B3A6D2E9-FFCB-41FD-AC11-BB591B5A2483}
	EndGlobalSection
EndGlobal
