
Microsoft Visual Studio Solution File, Format Version 12.00
# Visual Studio Version 17
VisualStudioVersion = 17.2.32616.157
MinimumVisualStudioVersion = 10.0.40219.1
Project("{FAE04EC0-301F-11D3-BF4B-00C04F79EFBC}") = "Lambda", "Lambda.csproj", "{060787F6-15DA-46FA-BDEF-B56E31174FCF}"
EndProject
Global
	GlobalSection(SolutionConfigurationPlatforms) = preSolution
		Debug|Any CPU = Debug|Any CPU
		Release|Any CPU = Release|Any CPU
	EndGlobalSection
	GlobalSection(ProjectConfigurationPlatforms) = postSolution
		{060787F6-15DA-46FA-BDEF-B56E31174FCF}.Debug|Any CPU.ActiveCfg = Debug|Any CPU
		{060787F6-15DA-46FA-BDEF-B56E31174FCF}.Debug|Any CPU.Build.0 = Debug|Any CPU
		{060787F6-15DA-46FA-BDEF-B56E31174FCF}.Release|Any CPU.ActiveCfg = Release|Any CPU
		{060787F6-15DA-46FA-BDEF-B56E31174FCF}.Release|Any CPU.Build.0 = Release|Any CPU
	EndGlobalSection
	GlobalSection(SolutionProperties) = preSolution
		HideSolutionNode = FALSE
	EndGlobalSection
	GlobalSection(ExtensibilityGlobals) = postSolution
		SolutionGuid = {5D920827-5D03-484A-AD08-FC99ADD0904D}
	EndGlobalSection
EndGlobal
